
Microsoft Visual Studio Solution File, Format Version 12.00
# Visual Studio Version 16
VisualStudioVersion = 16.0.29215.179
MinimumVisualStudioVersion = 10.0.40219.1
Project("{9A19103F-16F7-4668-BE54-9A1E7A4F7556}") = "ExcelFileGenerator", "Excel.TemplateEngine\ExcelFileGenerator\ExcelFileGenerator.csproj", "{F91FE360-3420-468C-B6F4-F8EFF7726883}"
EndProject
Project("{9A19103F-16F7-4668-BE54-9A1E7A4F7556}") = "ExcelObjectPrinter", "Excel.TemplateEngine\ExcelObjectPrinter\ExcelObjectPrinter.csproj", "{B3DBF8BF-4A8D-44DF-AFD1-0A552368CF77}"
EndProject
Project("{9A19103F-16F7-4668-BE54-9A1E7A4F7556}") = "Excel.TemplateEngine.Tests", "Excel.TemplateEngine.Tests\Excel.TemplateEngine.Tests.csproj", "{46D6CD74-56BA-4077-8683-3DF0F7A5A0A5}"
EndProject
Global
	GlobalSection(SolutionConfigurationPlatforms) = preSolution
		Debug|Any CPU = Debug|Any CPU
		Release|Any CPU = Release|Any CPU
	EndGlobalSection
	GlobalSection(ProjectConfigurationPlatforms) = postSolution
		{F91FE360-3420-468C-B6F4-F8EFF7726883}.Debug|Any CPU.ActiveCfg = Debug|Any CPU
		{F91FE360-3420-468C-B6F4-F8EFF7726883}.Debug|Any CPU.Build.0 = Debug|Any CPU
		{F91FE360-3420-468C-B6F4-F8EFF7726883}.Release|Any CPU.ActiveCfg = Release|Any CPU
		{F91FE360-3420-468C-B6F4-F8EFF7726883}.Release|Any CPU.Build.0 = Release|Any CPU
		{B3DBF8BF-4A8D-44DF-AFD1-0A552368CF77}.Debug|Any CPU.ActiveCfg = Debug|Any CPU
		{B3DBF8BF-4A8D-44DF-AFD1-0A552368CF77}.Debug|Any CPU.Build.0 = Debug|Any CPU
		{B3DBF8BF-4A8D-44DF-AFD1-0A552368CF77}.Release|Any CPU.ActiveCfg = Release|Any CPU
		{B3DBF8BF-4A8D-44DF-AFD1-0A552368CF77}.Release|Any CPU.Build.0 = Release|Any CPU
		{46D6CD74-56BA-4077-8683-3DF0F7A5A0A5}.Debug|Any CPU.ActiveCfg = Debug|Any CPU
		{46D6CD74-56BA-4077-8683-3DF0F7A5A0A5}.Debug|Any CPU.Build.0 = Debug|Any CPU
		{46D6CD74-56BA-4077-8683-3DF0F7A5A0A5}.Release|Any CPU.ActiveCfg = Release|Any CPU
		{46D6CD74-56BA-4077-8683-3DF0F7A5A0A5}.Release|Any CPU.Build.0 = Release|Any CPU
	EndGlobalSection
	GlobalSection(SolutionProperties) = preSolution
		HideSolutionNode = FALSE
	EndGlobalSection
	GlobalSection(ExtensibilityGlobals) = postSolution
		SolutionGuid = {C3EA62F1-2D47-47A9-9748-97AE7C24DECF}
	EndGlobalSection
EndGlobal
